{
  "name": "jijian",
  "version": "1.0.0",
  "lockfileVersion": 1,
  "requires": true,
  "dependencies": {
    "@kaishuu0123/markdown-it-fence": {
      "version": "0.1.4",
      "resolved": "https://registry.npm.taobao.org/@kaishuu0123/markdown-it-fence/download/@kaishuu0123/markdown-it-fence-0.1.4.tgz",
      "integrity": "sha1-dZzw3YDMojoI5wucuzPJmcsj88M="
    },
    "abab": {
      "version": "2.0.5",
      "resolved": "https://registry.npm.taobao.org/abab/download/abab-2.0.5.tgz",
      "integrity": "sha1-wLZ4+zLWD8EhnHhNaoJv44Wut5o="
    },
    "acorn": {
      "version": "8.1.0",
      "resolved": "https://registry.npm.taobao.org/acorn/download/acorn-8.1.0.tgz?cache=0&other_urls=https%3A%2F%2Fregistry.npm.taobao.org%2Facorn%2Fdownload%2Facorn-8.1.0.tgz",
      "integrity": "sha1-UjEf1wN64RnLsTQwnpAapGKVs/4="
    },
    "acorn-globals": {
      "version": "6.0.0",
      "resolved": "https://registry.npm.taobao.org/acorn-globals/download/acorn-globals-6.0.0.tgz",
      "integrity": "sha1-Rs3Tnw+P8IqHZhm1X1rIptx3C0U=",
      "requires": {
        "acorn": "^7.1.1",
        "acorn-walk": "^7.1.1"
      },
      "dependencies": {
        "acorn": {
          "version": "7.4.1",
          "resolved": "https://registry.npm.taobao.org/acorn/download/acorn-7.4.1.tgz?cache=0&other_urls=https%3A%2F%2Fregistry.npm.taobao.org%2Facorn%2Fdownload%2Facorn-7.4.1.tgz",
          "integrity": "sha1-/q7SVZc9LndVW4PbwIhRpsY1IPo="
        }
      }
    },
    "acorn-walk": {
      "version": "7.2.0",
      "resolved": "https://registry.npm.taobao.org/acorn-walk/download/acorn-walk-7.2.0.tgz",
      "integrity": "sha1-DeiJpgEgOQmw++B7iTjcIdLpZ7w="
    },
    "ajv": {
      "version": "6.12.6",
      "resolved": "https://registry.npm.taobao.org/ajv/download/ajv-6.12.6.tgz?cache=0&sync_timestamp=1617382994452&other_urls=https%3A%2F%2Fregistry.npm.taobao.org%2Fajv%2Fdownload%2Fajv-6.12.6.tgz",
      "integrity": "sha1-uvWmLoArB9l3A0WG+MO69a3ybfQ=",
      "requires": {
        "fast-deep-equal": "^3.1.1",
        "fast-json-stable-stringify": "^2.0.0",
        "json-schema-traverse": "^0.4.1",
        "uri-js": "^4.2.2"
      }
    },
    "argparse": {
      "version": "1.0.10",
      "resolved": "https://registry.npmjs.org/argparse/-/argparse-1.0.10.tgz",
      "integrity": "sha512-o5Roy6tNG4SL/FOkCAN6RzjiakZS25RLYFrcMttJqbdd8BWrnA+fGz57iN5Pb06pvBGvl5gQ0B48dJlslXvoTg==",
      "requires": {
        "sprintf-js": "~1.0.2"
      }
    },
    "array-equal": {
      "version": "1.0.0",
      "resolved": "https://registry.npm.taobao.org/array-equal/download/array-equal-1.0.0.tgz",
      "integrity": "sha1-jCpe8kcv2ep0KwTHenUJO6J1fJM="
    },
    "asn1": {
      "version": "0.2.4",
      "resolved": "https://registry.npm.taobao.org/asn1/download/asn1-0.2.4.tgz",
      "integrity": "sha1-jSR136tVO7M+d7VOWeiAu4ziMTY=",
      "requires": {
        "safer-buffer": "~2.1.0"
      }
    },
    "assert-plus": {
      "version": "1.0.0",
      "resolved": "https://registry.npm.taobao.org/assert-plus/download/assert-plus-1.0.0.tgz",
      "integrity": "sha1-8S4PPF13sLHN2RRpQuTpbB5N1SU="
    },
    "async-limiter": {
      "version": "1.0.1",
      "resolved": "https://registry.npm.taobao.org/async-limiter/download/async-limiter-1.0.1.tgz",
      "integrity": "sha1-3TeelPDbgxCwgpH51kwyCXZmF/0="
    },
    "asynckit": {
      "version": "0.4.0",
      "resolved": "https://registry.npm.taobao.org/asynckit/download/asynckit-0.4.0.tgz",
      "integrity": "sha1-x57Zf380y48robyXkLzDZkdLS3k="
    },
    "aws-sign2": {
      "version": "0.7.0",
      "resolved": "https://registry.npm.taobao.org/aws-sign2/download/aws-sign2-0.7.0.tgz",
      "integrity": "sha1-tG6JCTSpWR8tL2+G1+ap8bP+dqg="
    },
    "aws4": {
      "version": "1.11.0",
      "resolved": "https://registry.npm.taobao.org/aws4/download/aws4-1.11.0.tgz?cache=0&sync_timestamp=1604101166484&other_urls=https%3A%2F%2Fregistry.npm.taobao.org%2Faws4%2Fdownload%2Faws4-1.11.0.tgz",
      "integrity": "sha1-1h9G2DslGSUOJ4Ta9bCUeai0HFk="
    },
    "bcrypt-pbkdf": {
      "version": "1.0.2",
      "resolved": "https://registry.npm.taobao.org/bcrypt-pbkdf/download/bcrypt-pbkdf-1.0.2.tgz",
      "integrity": "sha1-pDAdOJtqQ/m2f/PKEaP2Y342Dp4=",
      "requires": {
        "tweetnacl": "^0.14.3"
      }
    },
    "browser-process-hrtime": {
      "version": "1.0.0",
      "resolved": "https://registry.npm.taobao.org/browser-process-hrtime/download/browser-process-hrtime-1.0.0.tgz",
      "integrity": "sha1-PJtLfXgsgSHlbxAQbYTA0P/JRiY="
    },
    "caseless": {
      "version": "0.12.0",
      "resolved": "https://registry.npm.taobao.org/caseless/download/caseless-0.12.0.tgz",
      "integrity": "sha1-G2gcIf+EAzyCZUMJBolCDRhxUdw="
    },
    "combined-stream": {
      "version": "1.0.8",
      "resolved": "https://registry.npm.taobao.org/combined-stream/download/combined-stream-1.0.8.tgz",
      "integrity": "sha1-w9RaizT9cwYxoRCoolIGgrMdWn8=",
      "requires": {
        "delayed-stream": "~1.0.0"
      }
    },
    "commander": {
      "version": "6.2.1",
      "resolved": "https://registry.npm.taobao.org/commander/download/commander-6.2.1.tgz?cache=0&sync_timestamp=1616363849438&other_urls=https%3A%2F%2Fregistry.npm.taobao.org%2Fcommander%2Fdownload%2Fcommander-6.2.1.tgz",
      "integrity": "sha1-B5LraC37wyWZm7K4T93duhEKxzw="
    },
    "core-util-is": {
      "version": "1.0.2",
      "resolved": "https://registry.npm.taobao.org/core-util-is/download/core-util-is-1.0.2.tgz",
      "integrity": "sha1-tf1UIgqivFq1eqtxQMlAdUUDwac="
    },
    "cssom": {
      "version": "0.4.4",
      "resolved": "https://registry.npm.taobao.org/cssom/download/cssom-0.4.4.tgz",
      "integrity": "sha1-WmbPk9LQtmHYC/akT7ZfXC5OChA="
    },
    "cssstyle": {
      "version": "2.3.0",
      "resolved": "https://registry.npm.taobao.org/cssstyle/download/cssstyle-2.3.0.tgz",
      "integrity": "sha1-/2ZaDdvcMYZLCWR/NBY0Q9kLCFI=",
      "requires": {
        "cssom": "~0.3.6"
      },
      "dependencies": {
        "cssom": {
          "version": "0.3.8",
          "resolved": "https://registry.npm.taobao.org/cssom/download/cssom-0.3.8.tgz",
          "integrity": "sha1-nxJ29bK0Y/IRTT8sdSUK+MGjb0o="
        }
      }
    },
    "dashdash": {
      "version": "1.14.1",
      "resolved": "https://registry.npm.taobao.org/dashdash/download/dashdash-1.14.1.tgz?cache=0&sync_timestamp=1601073454623&other_urls=https%3A%2F%2Fregistry.npm.taobao.org%2Fdashdash%2Fdownload%2Fdashdash-1.14.1.tgz",
      "integrity": "sha1-hTz6D3y+L+1d4gMmuN1YEDX24vA=",
      "requires": {
        "assert-plus": "^1.0.0"
      }
    },
    "data-urls": {
      "version": "2.0.0",
      "resolved": "https://registry.npm.taobao.org/data-urls/download/data-urls-2.0.0.tgz",
      "integrity": "sha1-FWSFpyljqXD11YIar2Qr7yvy25s=",
      "requires": {
        "abab": "^2.0.3",
        "whatwg-mimetype": "^2.3.0",
        "whatwg-url": "^8.0.0"
      }
    },
    "decimal.js": {
      "version": "10.2.1",
      "resolved": "https://registry.npm.taobao.org/decimal.js/download/decimal.js-10.2.1.tgz",
      "integrity": "sha1-I4rnsPDHk9PjzqQQEIs1osAUJqM="
    },
    "deep-is": {
      "version": "0.1.3",
      "resolved": "https://registry.npm.taobao.org/deep-is/download/deep-is-0.1.3.tgz",
      "integrity": "sha1-s2nW+128E+7PUk+RsHD+7cNXzzQ="
    },
    "delayed-stream": {
      "version": "1.0.0",
      "resolved": "https://registry.npm.taobao.org/delayed-stream/download/delayed-stream-1.0.0.tgz",
      "integrity": "sha1-3zrhmayt+31ECqrgsp4icrJOxhk="
    },
    "domexception": {
      "version": "2.0.1",
      "resolved": "https://registry.npm.taobao.org/domexception/download/domexception-2.0.1.tgz",
      "integrity": "sha1-+0Su+6eT4VdLCvau0oAdBXUp8wQ=",
      "requires": {
        "webidl-conversions": "^5.0.0"
      },
      "dependencies": {
        "webidl-conversions": {
          "version": "5.0.0",
          "resolved": "https://registry.npm.taobao.org/webidl-conversions/download/webidl-conversions-5.0.0.tgz",
          "integrity": "sha1-rlnIoAsSFUOirMZcBDT1ew/BGv8="
        }
      }
    },
    "ecc-jsbn": {
      "version": "0.1.2",
      "resolved": "https://registry.npm.taobao.org/ecc-jsbn/download/ecc-jsbn-0.1.2.tgz",
      "integrity": "sha1-OoOpBOVDUyh4dMVkt1SThoSamMk=",
      "requires": {
        "jsbn": "~0.1.0",
        "safer-buffer": "^2.1.0"
      }
    },
    "escodegen": {
      "version": "2.0.0",
      "resolved": "https://registry.npm.taobao.org/escodegen/download/escodegen-2.0.0.tgz",
      "integrity": "sha1-XjKxKDPoqo+jXhvwvvqJOASEx90=",
      "requires": {
        "esprima": "^4.0.1",
        "estraverse": "^5.2.0",
        "esutils": "^2.0.2",
        "optionator": "^0.8.1",
        "source-map": "~0.6.1"
      }
    },
    "esm": {
      "version": "3.2.25",
      "resolved": "https://registry.npm.taobao.org/esm/download/esm-3.2.25.tgz",
      "integrity": "sha1-NCwYwp1WFXaIulzjH4Qx+7eVzBA="
    },
    "esprima": {
      "version": "4.0.1",
      "resolved": "https://registry.npmjs.org/esprima/-/esprima-4.0.1.tgz",
      "integrity": "sha512-eGuFFw7Upda+g4p+QHvnW0RyTX/SVeJBDM/gCtMARO0cLuT2HcEKnTPvhjV6aGeqrCB/sbNop0Kszm0jsaWU4A=="
    },
    "estraverse": {
      "version": "5.2.0",
      "resolved": "https://registry.npm.taobao.org/estraverse/download/estraverse-5.2.0.tgz",
      "integrity": "sha1-MH30JUfmzHMk088DwVXVzbjFOIA="
    },
    "esutils": {
      "version": "2.0.3",
      "resolved": "https://registry.npm.taobao.org/esutils/download/esutils-2.0.3.tgz",
      "integrity": "sha1-dNLrTeC42hKTcRkQ1Qd1ubcQ72Q="
    },
    "extend": {
      "version": "3.0.2",
      "resolved": "https://registry.npm.taobao.org/extend/download/extend-3.0.2.tgz",
      "integrity": "sha1-+LETa0Bx+9jrFAr/hYsQGewpFfo="
    },
    "extend-shallow": {
      "version": "2.0.1",
      "resolved": "https://registry.npmjs.org/extend-shallow/-/extend-shallow-2.0.1.tgz",
      "integrity": "sha1-Ua99YUrZqfYQ6huvu5idaxxWiQ8=",
      "requires": {
        "is-extendable": "^0.1.0"
      }
    },
    "extsprintf": {
      "version": "1.3.0",
      "resolved": "https://registry.npm.taobao.org/extsprintf/download/extsprintf-1.3.0.tgz",
      "integrity": "sha1-lpGEQOMEGnpBT4xS48V06zw+HgU="
    },
    "fast-deep-equal": {
      "version": "3.1.3",
      "resolved": "https://registry.npm.taobao.org/fast-deep-equal/download/fast-deep-equal-3.1.3.tgz",
      "integrity": "sha1-On1WtVnWy8PrUSMlJE5hmmXGxSU="
    },
    "fast-json-stable-stringify": {
      "version": "2.1.0",
      "resolved": "https://registry.npm.taobao.org/fast-json-stable-stringify/download/fast-json-stable-stringify-2.1.0.tgz",
      "integrity": "sha1-h0v2nG9ATCtdmcSBNBOZ/VWJJjM="
    },
    "fast-levenshtein": {
      "version": "2.0.6",
      "resolved": "https://registry.npm.taobao.org/fast-levenshtein/download/fast-levenshtein-2.0.6.tgz",
      "integrity": "sha1-PYpcZog6FqMMqGQ+hR8Zuqd5eRc="
    },
    "forever-agent": {
      "version": "0.6.1",
      "resolved": "https://registry.npm.taobao.org/forever-agent/download/forever-agent-0.6.1.tgz",
      "integrity": "sha1-+8cfDEGt6zf5bFd60e1C2P2sypE="
    },
    "form-data": {
      "version": "2.3.3",
      "resolved": "https://registry.npm.taobao.org/form-data/download/form-data-2.3.3.tgz",
      "integrity": "sha1-3M5SwF9kTymManq5Nr1yTO/786Y=",
      "requires": {
        "asynckit": "^0.4.0",
        "combined-stream": "^1.0.6",
        "mime-types": "^2.1.12"
      }
    },
    "getpass": {
      "version": "0.1.7",
      "resolved": "https://registry.npm.taobao.org/getpass/download/getpass-0.1.7.tgz",
      "integrity": "sha1-Xv+OPmhNVprkyysSgmBOi6YhSfo=",
      "requires": {
        "assert-plus": "^1.0.0"
      }
    },
    "gray-matter": {
      "version": "4.0.2",
      "resolved": "https://registry.npmjs.org/gray-matter/-/gray-matter-4.0.2.tgz",
      "integrity": "sha512-7hB/+LxrOjq/dd8APlK0r24uL/67w7SkYnfwhNFwg/VDIGWGmduTDYf3WNstLW2fbbmRwrDGCVSJ2isuf2+4Hw==",
      "requires": {
        "js-yaml": "^3.11.0",
        "kind-of": "^6.0.2",
        "section-matter": "^1.0.0",
        "strip-bom-string": "^1.0.0"
      }
    },
    "har-schema": {
      "version": "2.0.0",
      "resolved": "https://registry.npm.taobao.org/har-schema/download/har-schema-2.0.0.tgz",
      "integrity": "sha1-qUwiJOvKwEeCoNkDVSHyRzW37JI="
    },
    "har-validator": {
      "version": "5.1.5",
      "resolved": "https://registry.npm.taobao.org/har-validator/download/har-validator-5.1.5.tgz",
      "integrity": "sha1-HwgDufjLIMD6E4It8ezds2veHv0=",
      "requires": {
        "ajv": "^6.12.3",
        "har-schema": "^2.0.0"
      }
    },
    "highlight.js": {
      "version": "10.7.1",
      "resolved": "https://registry.npm.taobao.org/highlight.js/download/highlight.js-10.7.1.tgz",
      "integrity": "sha1-qOxBUtsk6mMMkJJ9bK4qRfjsuVU=",
      "dev": true
    },
    "html-encoding-sniffer": {
      "version": "2.0.1",
      "resolved": "https://registry.npm.taobao.org/html-encoding-sniffer/download/html-encoding-sniffer-2.0.1.tgz",
      "integrity": "sha1-QqbcT9M/ACgRduiyN1nKTk+hhfM=",
      "requires": {
        "whatwg-encoding": "^1.0.5"
      }
    },
    "http-signature": {
      "version": "1.2.0",
      "resolved": "https://registry.npm.taobao.org/http-signature/download/http-signature-1.2.0.tgz",
      "integrity": "sha1-muzZJRFHcvPZW2WmCruPfBj7rOE=",
      "requires": {
        "assert-plus": "^1.0.0",
        "jsprim": "^1.2.2",
        "sshpk": "^1.7.0"
      }
    },
    "iconv-lite": {
      "version": "0.4.24",
      "resolved": "https://registry.npm.taobao.org/iconv-lite/download/iconv-lite-0.4.24.tgz",
      "integrity": "sha1-ICK0sl+93CHS9SSXSkdKr+czkIs=",
      "requires": {
        "safer-buffer": ">= 2.1.2 < 3"
      }
    },
    "is-extendable": {
      "version": "0.1.1",
      "resolved": "https://registry.npmjs.org/is-extendable/-/is-extendable-0.1.1.tgz",
      "integrity": "sha1-YrEQ4omkcUGOPsNqYX1HLjAd/Ik="
    },
    "is-fullwidth-code-point": {
      "version": "2.0.0",
      "resolved": "https://registry.npm.taobao.org/is-fullwidth-code-point/download/is-fullwidth-code-point-2.0.0.tgz",
      "integrity": "sha1-o7MKXE8ZkYMWeqq5O+764937ZU8="
    },
    "is-potential-custom-element-name": {
      "version": "1.0.0",
      "resolved": "https://registry.npm.taobao.org/is-potential-custom-element-name/download/is-potential-custom-element-name-1.0.0.tgz",
      "integrity": "sha1-DFLlS8yjkbssSUsh6GJtczbG45c="
    },
    "is-typedarray": {
      "version": "1.0.0",
      "resolved": "https://registry.npm.taobao.org/is-typedarray/download/is-typedarray-1.0.0.tgz",
      "integrity": "sha1-5HnICFjfDBsR3dppQPlgEfzaSpo="
    },
    "isstream": {
      "version": "0.1.2",
      "resolved": "https://registry.npm.taobao.org/isstream/download/isstream-0.1.2.tgz",
      "integrity": "sha1-R+Y/evVa+m+S4VAOaQ64uFKcCZo="
    },
    "js-yaml": {
      "version": "3.14.1",
      "resolved": "https://registry.npmjs.org/js-yaml/-/js-yaml-3.14.1.tgz",
      "integrity": "sha512-okMH7OXXJ7YrN9Ok3/SXrnu4iX9yOk+25nqX4imS2npuvTYDmo/QEZoqwZkYaIDk3jVvBOTOIEgEhaLOynBS9g==",
      "requires": {
        "argparse": "^1.0.7",
        "esprima": "^4.0.0"
      }
    },
    "jsbn": {
      "version": "0.1.1",
      "resolved": "https://registry.npm.taobao.org/jsbn/download/jsbn-0.1.1.tgz",
      "integrity": "sha1-peZUwuWi3rXyAdls77yoDA7y9RM="
    },
    "jsdom": {
      "version": "16.5.2",
      "resolved": "https://registry.npm.taobao.org/jsdom/download/jsdom-16.5.2.tgz?cache=0&sync_timestamp=1616953123800&other_urls=https%3A%2F%2Fregistry.npm.taobao.org%2Fjsdom%2Fdownload%2Fjsdom-16.5.2.tgz",
      "integrity": "sha1-WD+siaCuox2/Yjfn5L7czZvqtHI=",
      "requires": {
        "abab": "^2.0.5",
        "acorn": "^8.1.0",
        "acorn-globals": "^6.0.0",
        "cssom": "^0.4.4",
        "cssstyle": "^2.3.0",
        "data-urls": "^2.0.0",
        "decimal.js": "^10.2.1",
        "domexception": "^2.0.1",
        "escodegen": "^2.0.0",
        "html-encoding-sniffer": "^2.0.1",
        "is-potential-custom-element-name": "^1.0.0",
        "nwsapi": "^2.2.0",
        "parse5": "6.0.1",
        "request": "^2.88.2",
        "request-promise-native": "^1.0.9",
        "saxes": "^5.0.1",
        "symbol-tree": "^3.2.4",
        "tough-cookie": "^4.0.0",
        "w3c-hr-time": "^1.0.2",
        "w3c-xmlserializer": "^2.0.0",
        "webidl-conversions": "^6.1.0",
        "whatwg-encoding": "^1.0.5",
        "whatwg-mimetype": "^2.3.0",
        "whatwg-url": "^8.5.0",
        "ws": "^7.4.4",
        "xml-name-validator": "^3.0.0"
      }
    },
    "json-schema": {
      "version": "0.2.3",
      "resolved": "https://registry.npm.taobao.org/json-schema/download/json-schema-0.2.3.tgz?cache=0&sync_timestamp=1609553637722&other_urls=https%3A%2F%2Fregistry.npm.taobao.org%2Fjson-schema%2Fdownload%2Fjson-schema-0.2.3.tgz",
      "integrity": "sha1-tIDIkuWaLwWVTOcnvT8qTogvnhM="
    },
    "json-schema-traverse": {
      "version": "0.4.1",
      "resolved": "https://registry.npm.taobao.org/json-schema-traverse/download/json-schema-traverse-0.4.1.tgz",
      "integrity": "sha1-afaofZUTq4u4/mO9sJecRI5oRmA="
    },
    "json-stringify-safe": {
      "version": "5.0.1",
      "resolved": "https://registry.npm.taobao.org/json-stringify-safe/download/json-stringify-safe-5.0.1.tgz",
      "integrity": "sha1-Epai1Y/UXxmg9s4B1lcB4sc1tus="
    },
    "json2yaml": {
      "version": "1.1.0",
      "resolved": "https://registry.npmjs.org/json2yaml/-/json2yaml-1.1.0.tgz",
      "integrity": "sha1-VBTZB/mBZYa4DFE+wuOusquBmmw=",
      "requires": {
        "remedial": "1.x"
      }
    },
    "jsprim": {
      "version": "1.4.1",
      "resolved": "https://registry.npm.taobao.org/jsprim/download/jsprim-1.4.1.tgz",
      "integrity": "sha1-MT5mvB5cwG5Di8G3SZwuXFastqI=",
      "requires": {
        "assert-plus": "1.0.0",
        "extsprintf": "1.3.0",
        "json-schema": "0.2.3",
        "verror": "1.10.0"
      }
    },
    "katex": {
      "version": "0.13.0",
      "resolved": "https://registry.npm.taobao.org/katex/download/katex-0.13.0.tgz?cache=0&sync_timestamp=1615259073330&other_urls=https%3A%2F%2Fregistry.npm.taobao.org%2Fkatex%2Fdownload%2Fkatex-0.13.0.tgz",
      "integrity": "sha1-YpAOVsGtj999ojOZ5Q16e2kLOas=",
      "requires": {
        "commander": "^6.0.0"
      }
    },
    "kind-of": {
      "version": "6.0.3",
      "resolved": "https://registry.npmjs.org/kind-of/-/kind-of-6.0.3.tgz",
      "integrity": "sha512-dcS1ul+9tmeD95T+x28/ehLgd9mENa3LsvDTtzm3vyBEO7RPptvAD+t44WVXaUjTBRcrpFeFlC8WCruUR456hw=="
    },
    "left-pad": {
      "version": "1.3.0",
      "resolved": "https://registry.npm.taobao.org/left-pad/download/left-pad-1.3.0.tgz",
      "integrity": "sha1-W4o6d2Xf4AEmHd6RVYnngvjJTR4="
    },
    "levn": {
      "version": "0.3.0",
      "resolved": "https://registry.npm.taobao.org/levn/download/levn-0.3.0.tgz",
      "integrity": "sha1-OwmSTt+fCDwEkP3UwLxEIeBHZO4=",
      "requires": {
        "prelude-ls": "~1.1.2",
        "type-check": "~0.3.2"
      }
    },
    "lodash": {
      "version": "4.17.21",
      "resolved": "https://registry.npm.taobao.org/lodash/download/lodash-4.17.21.tgz?cache=0&sync_timestamp=1613835838133&other_urls=https%3A%2F%2Fregistry.npm.taobao.org%2Flodash%2Fdownload%2Flodash-4.17.21.tgz",
      "integrity": "sha1-Z5WRxWTDv/quhFTPCz3zcMPWkRw="
    },
    "lodash.flow": {
      "version": "3.5.0",
      "resolved": "https://registry.npm.taobao.org/lodash.flow/download/lodash.flow-3.5.0.tgz",
      "integrity": "sha1-h79AKSuM+D5OjOGjrkIJ4gBxZ1o=",
      "dev": true
    },
    "lodash.sortby": {
      "version": "4.7.0",
      "resolved": "https://registry.npm.taobao.org/lodash.sortby/download/lodash.sortby-4.7.0.tgz",
      "integrity": "sha1-7dFMgk4sycHgsKG0K7UhBRakJDg="
    },
    "markdown-it-highlightjs": {
      "version": "3.4.0",
      "resolved": "https://registry.npm.taobao.org/markdown-it-highlightjs/download/markdown-it-highlightjs-3.4.0.tgz",
      "integrity": "sha1-GnXt0C+eVk+AAFLqwrWu+oIw+NQ=",
      "dev": true,
      "requires": {
        "highlight.js": "^10.2.0",
        "lodash.flow": "^3.5.0"
      }
    },
    "markdown-it-latex2img": {
      "version": "0.0.6",
      "resolved": "https://registry.npm.taobao.org/markdown-it-latex2img/download/markdown-it-latex2img-0.0.6.tgz",
      "integrity": "sha1-qJZxM7VSPw8jSQ13QHL6oFX6+e4="
    },
    "markdown-it-mathjax": {
      "version": "2.0.0",
      "resolved": "https://registry.npm.taobao.org/markdown-it-mathjax/download/markdown-it-mathjax-2.0.0.tgz",
      "integrity": "sha1-ritPTFxxmgP55HXGZPeyaFIx2ek="
    },
    "markdown-it-mathjax-svg-next": {
      "version": "1.0.1",
      "resolved": "https://registry.npm.taobao.org/markdown-it-mathjax-svg-next/download/markdown-it-mathjax-svg-next-1.0.1.tgz",
      "integrity": "sha1-EGrlK9fBjVjeFsdbY/MGiKJ9IG0=",
      "requires": {
        "@kaishuu0123/markdown-it-fence": "0.1.4",
        "mathjax-full": "^3.0.1"
      }
    },
    "markdown-it-texmath": {
      "version": "0.8.0",
      "resolved": "https://registry.npm.taobao.org/markdown-it-texmath/download/markdown-it-texmath-0.8.0.tgz",
      "integrity": "sha1-LvktsVIn0VH5OXrQ82tKWwphZN8="
    },
    "marked": {
      "version": "2.0.1",
      "resolved": "https://registry.npmjs.org/marked/-/marked-2.0.1.tgz",
      "integrity": "sha512-5+/fKgMv2hARmMW7DOpykr2iLhl0NgjyELk5yn92iE7z8Se1IS9n3UsFm86hFXIkvMBmVxki8+ckcpjBeyo/hw=="
    },
    "mathjax": {
      "version": "2.7.9",
      "resolved": "https://registry.npm.taobao.org/mathjax/download/mathjax-2.7.9.tgz",
      "integrity": "sha1-1rZ5VcFz59cZ/LL8AohmKITrfT0="
    },
    "mathjax-full": {
      "version": "3.1.2",
      "resolved": "https://registry.npm.taobao.org/mathjax-full/download/mathjax-full-3.1.2.tgz",
      "integrity": "sha1-U6xbOCUjedUV1g6ZCSZytCclv2o=",
      "requires": {
        "esm": "^3.2.25",
        "mj-context-menu": "^0.6.1",
        "speech-rule-engine": "^3.1.1"
      }
    },
    "mathjax-node": {
      "version": "2.1.1",
      "resolved": "https://registry.npm.taobao.org/mathjax-node/download/mathjax-node-2.1.1.tgz",
      "integrity": "sha1-JcgPSU91QEGP/Pqcx1bf0hUCAb0=",
      "requires": {
        "is-fullwidth-code-point": "^2.0.0",
        "jsdom": "^11.0.0",
        "mathjax": "^2.7.2"
      },
      "dependencies": {
        "acorn": {
          "version": "5.7.4",
          "resolved": "https://registry.npm.taobao.org/acorn/download/acorn-5.7.4.tgz?cache=0&other_urls=https%3A%2F%2Fregistry.npm.taobao.org%2Facorn%2Fdownload%2Facorn-5.7.4.tgz",
          "integrity": "sha1-Po2KmUfQWZoXltECJddDL0pKz14="
        },
        "acorn-globals": {
          "version": "4.3.4",
          "resolved": "https://registry.npm.taobao.org/acorn-globals/download/acorn-globals-4.3.4.tgz",
          "integrity": "sha1-n6GSat3BHJcwjE5m163Q1Awycuc=",
          "requires": {
            "acorn": "^6.0.1",
            "acorn-walk": "^6.0.1"
          },
          "dependencies": {
            "acorn": {
              "version": "6.4.2",
              "resolved": "https://registry.npm.taobao.org/acorn/download/acorn-6.4.2.tgz?cache=0&other_urls=https%3A%2F%2Fregistry.npm.taobao.org%2Facorn%2Fdownload%2Facorn-6.4.2.tgz",
              "integrity": "sha1-NYZv1xBSjpLeEM8GAWSY5H454eY="
            }
          }
        },
        "acorn-walk": {
          "version": "6.2.0",
          "resolved": "https://registry.npm.taobao.org/acorn-walk/download/acorn-walk-6.2.0.tgz",
          "integrity": "sha1-Ejy487hMIXHx9/slJhWxx4prGow="
        },
        "cssom": {
          "version": "0.3.8",
          "resolved": "https://registry.npm.taobao.org/cssom/download/cssom-0.3.8.tgz",
          "integrity": "sha1-nxJ29bK0Y/IRTT8sdSUK+MGjb0o="
        },
        "cssstyle": {
          "version": "1.4.0",
          "resolved": "https://registry.npm.taobao.org/cssstyle/download/cssstyle-1.4.0.tgz",
          "integrity": "sha1-nTEyginTxWXGHlhrAgQaKPzNzPE=",
          "requires": {
            "cssom": "0.3.x"
          }
        },
        "data-urls": {
          "version": "1.1.0",
          "resolved": "https://registry.npm.taobao.org/data-urls/download/data-urls-1.1.0.tgz",
          "integrity": "sha1-Fe4Fgrql4iu1nHcUDaj5x2lju/4=",
          "requires": {
            "abab": "^2.0.0",
            "whatwg-mimetype": "^2.2.0",
            "whatwg-url": "^7.0.0"
          },
          "dependencies": {
            "whatwg-url": {
              "version": "7.1.0",
              "resolved": "https://registry.npm.taobao.org/whatwg-url/download/whatwg-url-7.1.0.tgz?cache=0&sync_timestamp=1616618441263&other_urls=https%3A%2F%2Fregistry.npm.taobao.org%2Fwhatwg-url%2Fdownload%2Fwhatwg-url-7.1.0.tgz",
              "integrity": "sha1-wsSS8eymEpiO/T0iZr4bn8YXDQY=",
              "requires": {
                "lodash.sortby": "^4.7.0",
                "tr46": "^1.0.1",
                "webidl-conversions": "^4.0.2"
              }
            }
          }
        },
        "domexception": {
          "version": "1.0.1",
          "resolved": "https://registry.npm.taobao.org/domexception/download/domexception-1.0.1.tgz",
          "integrity": "sha1-k3RCZEymoxJh7zbj7Gd/6AVYLJA=",
          "requires": {
            "webidl-conversions": "^4.0.2"
          }
        },
        "escodegen": {
          "version": "1.14.3",
          "resolved": "https://registry.npm.taobao.org/escodegen/download/escodegen-1.14.3.tgz",
          "integrity": "sha1-TnuB+6YVgdyXWC7XjKt/Do1j9QM=",
          "requires": {
            "esprima": "^4.0.1",
            "estraverse": "^4.2.0",
            "esutils": "^2.0.2",
            "optionator": "^0.8.1",
            "source-map": "~0.6.1"
          }
        },
        "estraverse": {
          "version": "4.3.0",
          "resolved": "https://registry.npm.taobao.org/estraverse/download/estraverse-4.3.0.tgz",
          "integrity": "sha1-OYrT88WiSUi+dyXoPRGn3ijNvR0="
        },
        "html-encoding-sniffer": {
          "version": "1.0.2",
          "resolved": "https://registry.npm.taobao.org/html-encoding-sniffer/download/html-encoding-sniffer-1.0.2.tgz",
          "integrity": "sha1-5w2EuU2lOqN14R/jo1G+ZkLKRvg=",
          "requires": {
            "whatwg-encoding": "^1.0.1"
          }
        },
        "jsdom": {
          "version": "11.12.0",
          "resolved": "https://registry.npm.taobao.org/jsdom/download/jsdom-11.12.0.tgz?cache=0&sync_timestamp=1616953123800&other_urls=https%3A%2F%2Fregistry.npm.taobao.org%2Fjsdom%2Fdownload%2Fjsdom-11.12.0.tgz",
          "integrity": "sha1-GoDUDd03ih3lllbp5txaO6hle8g=",
          "requires": {
            "abab": "^2.0.0",
            "acorn": "^5.5.3",
            "acorn-globals": "^4.1.0",
            "array-equal": "^1.0.0",
            "cssom": ">= 0.3.2 < 0.4.0",
            "cssstyle": "^1.0.0",
            "data-urls": "^1.0.0",
            "domexception": "^1.0.1",
            "escodegen": "^1.9.1",
            "html-encoding-sniffer": "^1.0.2",
            "left-pad": "^1.3.0",
            "nwsapi": "^2.0.7",
            "parse5": "4.0.0",
            "pn": "^1.1.0",
            "request": "^2.87.0",
            "request-promise-native": "^1.0.5",
            "sax": "^1.2.4",
            "symbol-tree": "^3.2.2",
            "tough-cookie": "^2.3.4",
            "w3c-hr-time": "^1.0.1",
            "webidl-conversions": "^4.0.2",
            "whatwg-encoding": "^1.0.3",
            "whatwg-mimetype": "^2.1.0",
            "whatwg-url": "^6.4.1",
            "ws": "^5.2.0",
            "xml-name-validator": "^3.0.0"
          }
        },
        "parse5": {
          "version": "4.0.0",
          "resolved": "https://registry.npm.taobao.org/parse5/download/parse5-4.0.0.tgz",
          "integrity": "sha1-bXhlbj2o14tOwLkG98CO8d/j9gg="
        },
        "tough-cookie": {
          "version": "2.5.0",
          "resolved": "https://registry.npm.taobao.org/tough-cookie/download/tough-cookie-2.5.0.tgz?cache=0&other_urls=https%3A%2F%2Fregistry.npm.taobao.org%2Ftough-cookie%2Fdownload%2Ftough-cookie-2.5.0.tgz",
          "integrity": "sha1-zZ+yoKodWhK0c72fuW+j3P9lreI=",
          "requires": {
            "psl": "^1.1.28",
            "punycode": "^2.1.1"
          }
        },
        "tr46": {
          "version": "1.0.1",
          "resolved": "https://registry.npm.taobao.org/tr46/download/tr46-1.0.1.tgz",
          "integrity": "sha1-qLE/1r/SSJUZZ0zN5VujaTtwbQk=",
          "requires": {
            "punycode": "^2.1.0"
          }
        },
        "webidl-conversions": {
          "version": "4.0.2",
          "resolved": "https://registry.npm.taobao.org/webidl-conversions/download/webidl-conversions-4.0.2.tgz",
          "integrity": "sha1-qFWYCx8LazWbodXZ+zmulB+qY60="
        },
        "whatwg-url": {
          "version": "6.5.0",
          "resolved": "https://registry.npm.taobao.org/whatwg-url/download/whatwg-url-6.5.0.tgz?cache=0&sync_timestamp=1616618441263&other_urls=https%3A%2F%2Fregistry.npm.taobao.org%2Fwhatwg-url%2Fdownload%2Fwhatwg-url-6.5.0.tgz",
          "integrity": "sha1-8t8Cv/F2/WUHDfdK1cy7WhmZZag=",
          "requires": {
            "lodash.sortby": "^4.7.0",
            "tr46": "^1.0.1",
            "webidl-conversions": "^4.0.2"
          }
        },
        "ws": {
          "version": "5.2.2",
          "resolved": "https://registry.npm.taobao.org/ws/download/ws-5.2.2.tgz?cache=0&sync_timestamp=1615063746103&other_urls=https%3A%2F%2Fregistry.npm.taobao.org%2Fws%2Fdownload%2Fws-5.2.2.tgz",
          "integrity": "sha1-3/7xSGa46NyRM1glFNG++vlumA8=",
          "requires": {
            "async-limiter": "~1.0.0"
          }
        }
      }
    },
    "mime-db": {
      "version": "1.47.0",
      "resolved": "https://registry.npm.taobao.org/mime-db/download/mime-db-1.47.0.tgz?cache=0&sync_timestamp=1617306043996&other_urls=https%3A%2F%2Fregistry.npm.taobao.org%2Fmime-db%2Fdownload%2Fmime-db-1.47.0.tgz",
      "integrity": "sha1-jLMT5Zll08Bc+/iYkVomevRqM1w="
    },
    "mime-types": {
      "version": "2.1.30",
      "resolved": "https://registry.npm.taobao.org/mime-types/download/mime-types-2.1.30.tgz?cache=0&sync_timestamp=1617340140598&other_urls=https%3A%2F%2Fregistry.npm.taobao.org%2Fmime-types%2Fdownload%2Fmime-types-2.1.30.tgz",
      "integrity": "sha1-bnvotMR5gl+F7WMmaV23P5MF1i0=",
      "requires": {
        "mime-db": "1.47.0"
      }
    },
    "mj-context-menu": {
      "version": "0.6.1",
      "resolved": "https://registry.npm.taobao.org/mj-context-menu/download/mj-context-menu-0.6.1.tgz",
      "integrity": "sha1-oEPFKCv34c84Id4HsTUlym+Fqmk="
    },
    "moment": {
      "version": "2.29.1",
      "resolved": "https://registry.npmjs.org/moment/-/moment-2.29.1.tgz",
      "integrity": "sha512-kHmoybcPV8Sqy59DwNDY3Jefr64lK/by/da0ViFcuA4DH0vQg5Q6Ze5VimxkfQNSC+Mls/Kx53s7TjP1RhFEDQ=="
    },
    "mustache": {
      "version": "4.1.0",
      "resolved": "https://registry.npmjs.org/mustache/-/mustache-4.1.0.tgz",
      "integrity": "sha512-0FsgP/WVq4mKyjolIyX+Z9Bd+3WS8GOwoUTyKXT5cTYMGeauNTi2HPCwERqseC1IHAy0Z7MDZnJBfjabd4O8GQ=="
    },
    "nwsapi": {
      "version": "2.2.0",
      "resolved": "https://registry.npm.taobao.org/nwsapi/download/nwsapi-2.2.0.tgz",
      "integrity": "sha1-IEh5qePQaP8qVROcLHcngGgaOLc="
    },
    "oauth-sign": {
      "version": "0.9.0",
      "resolved": "https://registry.npm.taobao.org/oauth-sign/download/oauth-sign-0.9.0.tgz",
      "integrity": "sha1-R6ewFrqmi1+g7PPe4IqFxnmsZFU="
    },
    "optionator": {
      "version": "0.8.3",
      "resolved": "https://registry.npm.taobao.org/optionator/download/optionator-0.8.3.tgz",
      "integrity": "sha1-hPodA2/p08fiHZmIS2ARZ+yPtJU=",
      "requires": {
        "deep-is": "~0.1.3",
        "fast-levenshtein": "~2.0.6",
        "levn": "~0.3.0",
        "prelude-ls": "~1.1.2",
        "type-check": "~0.3.2",
        "word-wrap": "~1.2.3"
      }
    },
    "parse5": {
      "version": "6.0.1",
      "resolved": "https://registry.npm.taobao.org/parse5/download/parse5-6.0.1.tgz",
      "integrity": "sha1-4aHAhcVps9wIMhGE8Zo5zCf3wws="
    },
    "performance-now": {
      "version": "2.1.0",
      "resolved": "https://registry.npm.taobao.org/performance-now/download/performance-now-2.1.0.tgz",
      "integrity": "sha1-Ywn04OX6kT7BxpMHrjZLSzd8nns="
    },
    "pn": {
      "version": "1.1.0",
      "resolved": "https://registry.npm.taobao.org/pn/download/pn-1.1.0.tgz",
      "integrity": "sha1-4vTO8OIZ9GPBeas3Rj5OHs3Muvs="
    },
    "prelude-ls": {
      "version": "1.1.2",
      "resolved": "https://registry.npm.taobao.org/prelude-ls/download/prelude-ls-1.1.2.tgz",
      "integrity": "sha1-IZMqVJ9eUv/ZqCf1cOBL5iqX2lQ="
    },
    "psl": {
      "version": "1.8.0",
      "resolved": "https://registry.npm.taobao.org/psl/download/psl-1.8.0.tgz",
      "integrity": "sha1-kyb4vPsBOtzABf3/BWrM4CDlHCQ="
    },
    "punycode": {
      "version": "2.1.1",
      "resolved": "https://registry.npm.taobao.org/punycode/download/punycode-2.1.1.tgz",
      "integrity": "sha1-tYsBCsQMIsVldhbI0sLALHv0eew="
    },
    "qs": {
      "version": "6.5.2",
      "resolved": "https://registry.npm.taobao.org/qs/download/qs-6.5.2.tgz?cache=0&sync_timestamp=1616385315895&other_urls=https%3A%2F%2Fregistry.npm.taobao.org%2Fqs%2Fdownload%2Fqs-6.5.2.tgz",
      "integrity": "sha1-yzroBuh0BERYTvFUzo7pjUA/PjY="
    },
    "remedial": {
      "version": "1.0.8",
      "resolved": "https://registry.npmjs.org/remedial/-/remedial-1.0.8.tgz",
      "integrity": "sha512-/62tYiOe6DzS5BqVsNpH/nkGlX45C/Sp6V+NtiN6JQNS1Viay7cWkazmRkrQrdFj2eshDe96SIQNIoMxqhzBOg=="
    },
    "request": {
      "version": "2.88.2",
      "resolved": "https://registry.npm.taobao.org/request/download/request-2.88.2.tgz?cache=0&other_urls=https%3A%2F%2Fregistry.npm.taobao.org%2Frequest%2Fdownload%2Frequest-2.88.2.tgz",
      "integrity": "sha1-1zyRhzHLWofaBH4gcjQUb2ZNErM=",
      "requires": {
        "aws-sign2": "~0.7.0",
        "aws4": "^1.8.0",
        "caseless": "~0.12.0",
        "combined-stream": "~1.0.6",
        "extend": "~3.0.2",
        "forever-agent": "~0.6.1",
        "form-data": "~2.3.2",
        "har-validator": "~5.1.3",
        "http-signature": "~1.2.0",
        "is-typedarray": "~1.0.0",
        "isstream": "~0.1.2",
        "json-stringify-safe": "~5.0.1",
        "mime-types": "~2.1.19",
        "oauth-sign": "~0.9.0",
        "performance-now": "^2.1.0",
        "qs": "~6.5.2",
        "safe-buffer": "^5.1.2",
        "tough-cookie": "~2.5.0",
        "tunnel-agent": "^0.6.0",
        "uuid": "^3.3.2"
      },
      "dependencies": {
        "tough-cookie": {
          "version": "2.5.0",
          "resolved": "https://registry.npm.taobao.org/tough-cookie/download/tough-cookie-2.5.0.tgz?cache=0&other_urls=https%3A%2F%2Fregistry.npm.taobao.org%2Ftough-cookie%2Fdownload%2Ftough-cookie-2.5.0.tgz",
          "integrity": "sha1-zZ+yoKodWhK0c72fuW+j3P9lreI=",
          "requires": {
            "psl": "^1.1.28",
            "punycode": "^2.1.1"
          }
        }
      }
    },
    "request-promise-core": {
      "version": "1.1.4",
      "resolved": "https://registry.npm.taobao.org/request-promise-core/download/request-promise-core-1.1.4.tgz",
      "integrity": "sha1-Pu3UIjII1BmGe3jOgVFn0QWToi8=",
      "requires": {
        "lodash": "^4.17.19"
      }
    },
    "request-promise-native": {
      "version": "1.0.9",
      "resolved": "https://registry.npm.taobao.org/request-promise-native/download/request-promise-native-1.0.9.tgz",
      "integrity": "sha1-5AcSBSal79yaObKKVnm/R7nZ3Cg=",
      "requires": {
        "request-promise-core": "1.1.4",
        "stealthy-require": "^1.1.1",
        "tough-cookie": "^2.3.3"
      },
      "dependencies": {
        "tough-cookie": {
          "version": "2.5.0",
          "resolved": "https://registry.npm.taobao.org/tough-cookie/download/tough-cookie-2.5.0.tgz?cache=0&other_urls=https%3A%2F%2Fregistry.npm.taobao.org%2Ftough-cookie%2Fdownload%2Ftough-cookie-2.5.0.tgz",
          "integrity": "sha1-zZ+yoKodWhK0c72fuW+j3P9lreI=",
          "requires": {
            "psl": "^1.1.28",
            "punycode": "^2.1.1"
          }
        }
      }
    },
    "safe-buffer": {
      "version": "5.2.1",
      "resolved": "https://registry.npm.taobao.org/safe-buffer/download/safe-buffer-5.2.1.tgz?cache=0&sync_timestamp=1599054209520&other_urls=https%3A%2F%2Fregistry.npm.taobao.org%2Fsafe-buffer%2Fdownload%2Fsafe-buffer-5.2.1.tgz",
      "integrity": "sha1-Hq+fqb2x/dTsdfWPnNtOa3gn7sY="
    },
    "safer-buffer": {
      "version": "2.1.2",
      "resolved": "https://registry.npm.taobao.org/safer-buffer/download/safer-buffer-2.1.2.tgz",
      "integrity": "sha1-RPoWGwGHuVSd2Eu5GAL5vYOFzWo="
    },
    "sax": {
      "version": "1.2.4",
      "resolved": "https://registry.npm.taobao.org/sax/download/sax-1.2.4.tgz",
      "integrity": "sha1-KBYjTiN4vdxOU1T6tcqold9xANk="
    },
    "saxes": {
      "version": "5.0.1",
      "resolved": "https://registry.npm.taobao.org/saxes/download/saxes-5.0.1.tgz",
      "integrity": "sha1-7rq5U/o7dgjb6U5drbFciI+maW0=",
      "requires": {
        "xmlchars": "^2.2.0"
      }
    },
    "section-matter": {
      "version": "1.0.0",
      "resolved": "https://registry.npmjs.org/section-matter/-/section-matter-1.0.0.tgz",
      "integrity": "sha512-vfD3pmTzGpufjScBh50YHKzEu2lxBWhVEHsNGoEXmCmn2hKGfeNLYMzCJpe8cD7gqX7TJluOVpBkAequ6dgMmA==",
      "requires": {
        "extend-shallow": "^2.0.1",
        "kind-of": "^6.0.0"
      }
    },
    "source-map": {
      "version": "0.6.1",
      "resolved": "https://registry.npm.taobao.org/source-map/download/source-map-0.6.1.tgz",
      "integrity": "sha1-dHIq8y6WFOnCh6jQu95IteLxomM=",
      "optional": true
    },
    "speech-rule-engine": {
      "version": "3.1.1",
      "resolved": "https://registry.npm.taobao.org/speech-rule-engine/download/speech-rule-engine-3.1.1.tgz",
      "integrity": "sha1-15DO5BbheDhxLHz/WtAMff4gl74=",
      "requires": {
        "commander": "^6.0.0",
        "wicked-good-xpath": "^1.3.0",
        "xmldom-sre": "^0.1.31"
      }
    },
    "sprintf-js": {
      "version": "1.0.3",
      "resolved": "https://registry.npmjs.org/sprintf-js/-/sprintf-js-1.0.3.tgz",
      "integrity": "sha1-BOaSb2YolTVPPdAVIDYzuFcpfiw="
    },
    "sshpk": {
      "version": "1.16.1",
      "resolved": "https://registry.npm.taobao.org/sshpk/download/sshpk-1.16.1.tgz",
      "integrity": "sha1-+2YcC+8ps520B2nuOfpwCT1vaHc=",
      "requires": {
        "asn1": "~0.2.3",
        "assert-plus": "^1.0.0",
        "bcrypt-pbkdf": "^1.0.0",
        "dashdash": "^1.12.0",
        "ecc-jsbn": "~0.1.1",
        "getpass": "^0.1.1",
        "jsbn": "~0.1.0",
        "safer-buffer": "^2.0.2",
        "tweetnacl": "~0.14.0"
      }
    },
    "stealthy-require": {
      "version": "1.1.1",
      "resolved": "https://registry.npm.taobao.org/stealthy-require/download/stealthy-require-1.1.1.tgz",
      "integrity": "sha1-NbCYdbT/SfJqd35QmzCQoyJr8ks="
    },
    "strip-bom-string": {
      "version": "1.0.0",
      "resolved": "https://registry.npmjs.org/strip-bom-string/-/strip-bom-string-1.0.0.tgz",
      "integrity": "sha1-5SEekiQ2n7uB1jOi8ABE3IztrZI="
    },
    "symbol-tree": {
      "version": "3.2.4",
      "resolved": "https://registry.npm.taobao.org/symbol-tree/download/symbol-tree-3.2.4.tgz",
      "integrity": "sha1-QwY30ki6d+B4iDlR+5qg7tfGP6I="
    },
    "tough-cookie": {
      "version": "4.0.0",
      "resolved": "https://registry.npm.taobao.org/tough-cookie/download/tough-cookie-4.0.0.tgz?cache=0&other_urls=https%3A%2F%2Fregistry.npm.taobao.org%2Ftough-cookie%2Fdownload%2Ftough-cookie-4.0.0.tgz",
      "integrity": "sha1-2CIjTuyogvmR8PkIgkrSYi3b7OQ=",
      "requires": {
        "psl": "^1.1.33",
        "punycode": "^2.1.1",
        "universalify": "^0.1.2"
      }
    },
    "tr46": {
      "version": "2.0.2",
      "resolved": "https://registry.npm.taobao.org/tr46/download/tr46-2.0.2.tgz",
      "integrity": "sha1-Ayc1ht7xWVrgj+2zjXczzukdJHk=",
      "requires": {
        "punycode": "^2.1.1"
      }
    },
    "tunnel-agent": {
      "version": "0.6.0",
      "resolved": "https://registry.npm.taobao.org/tunnel-agent/download/tunnel-agent-0.6.0.tgz",
      "integrity": "sha1-J6XeoGs2sEoKmWZ3SykIaPD8QP0=",
      "requires": {
        "safe-buffer": "^5.0.1"
      }
    },
    "tweetnacl": {
      "version": "0.14.5",
      "resolved": "https://registry.npm.taobao.org/tweetnacl/download/tweetnacl-0.14.5.tgz",
      "integrity": "sha1-WuaBd/GS1EViadEIr6k/+HQ/T2Q="
    },
    "type-check": {
      "version": "0.3.2",
      "resolved": "https://registry.npm.taobao.org/type-check/download/type-check-0.3.2.tgz",
      "integrity": "sha1-WITKtRLPHTVeP7eE8wgEsrUg23I=",
      "requires": {
        "prelude-ls": "~1.1.2"
      }
    },
    "universalify": {
      "version": "0.1.2",
      "resolved": "https://registry.npm.taobao.org/universalify/download/universalify-0.1.2.tgz?cache=0&sync_timestamp=1603179967633&other_urls=https%3A%2F%2Fregistry.npm.taobao.org%2Funiversalify%2Fdownload%2Funiversalify-0.1.2.tgz",
      "integrity": "sha1-tkb2m+OULavOzJ1mOcgNwQXvqmY="
    },
    "uri-js": {
      "version": "4.4.1",
      "resolved": "https://registry.npm.taobao.org/uri-js/download/uri-js-4.4.1.tgz?cache=0&sync_timestamp=1610237624359&other_urls=https%3A%2F%2Fregistry.npm.taobao.org%2Furi-js%2Fdownload%2Furi-js-4.4.1.tgz",
      "integrity": "sha1-mxpSWVIlhZ5V9mnZKPiMbFfyp34=",
      "requires": {
        "punycode": "^2.1.0"
      }
    },
    "uuid": {
      "version": "3.4.0",
      "resolved": "https://registry.npm.taobao.org/uuid/download/uuid-3.4.0.tgz",
      "integrity": "sha1-sj5DWK+oogL+ehAK8fX4g/AgB+4="
    },
    "verror": {
      "version": "1.10.0",
      "resolved": "https://registry.npm.taobao.org/verror/download/verror-1.10.0.tgz",
      "integrity": "sha1-OhBcoXBTr1XW4nDB+CiGguGNpAA=",
      "requires": {
        "assert-plus": "^1.0.0",
        "core-util-is": "1.0.2",
        "extsprintf": "^1.2.0"
      }
    },
    "w3c-hr-time": {
      "version": "1.0.2",
      "resolved": "https://registry.npm.taobao.org/w3c-hr-time/download/w3c-hr-time-1.0.2.tgz",
      "integrity": "sha1-ConN9cwVgi35w2BUNnaWPgzDCM0=",
      "requires": {
        "browser-process-hrtime": "^1.0.0"
      }
    },
    "w3c-xmlserializer": {
      "version": "2.0.0",
      "resolved": "https://registry.npm.taobao.org/w3c-xmlserializer/download/w3c-xmlserializer-2.0.0.tgz",
      "integrity": "sha1-PnEEoFt1FGzGD1ZDgLf2g6zxAgo=",
      "requires": {
        "xml-name-validator": "^3.0.0"
      }
    },
    "webidl-conversions": {
      "version": "6.1.0",
      "resolved": "https://registry.npm.taobao.org/webidl-conversions/download/webidl-conversions-6.1.0.tgz",
      "integrity": "sha1-kRG01+qArNQPUnDWZmIa+ni2lRQ="
    },
    "whatwg-encoding": {
      "version": "1.0.5",
      "resolved": "https://registry.npm.taobao.org/whatwg-encoding/download/whatwg-encoding-1.0.5.tgz",
      "integrity": "sha1-WrrPd3wyFmpR0IXWtPPn0nET3bA=",
      "requires": {
        "iconv-lite": "0.4.24"
      }
    },
    "whatwg-mimetype": {
      "version": "2.3.0",
      "resolved": "https://registry.npm.taobao.org/whatwg-mimetype/download/whatwg-mimetype-2.3.0.tgz",
      "integrity": "sha1-PUseAxLSB5h5+Cav8Y2+7KWWD78="
    },
    "whatwg-url": {
      "version": "8.5.0",
      "resolved": "https://registry.npm.taobao.org/whatwg-url/download/whatwg-url-8.5.0.tgz?cache=0&sync_timestamp=1616618441263&other_urls=https%3A%2F%2Fregistry.npm.taobao.org%2Fwhatwg-url%2Fdownload%2Fwhatwg-url-8.5.0.tgz",
      "integrity": "sha1-d1K4Rk/AkD/siaqYRvye/gc1H9M=",
      "requires": {
        "lodash": "^4.7.0",
        "tr46": "^2.0.2",
        "webidl-conversions": "^6.1.0"
      }
    },
    "wicked-good-xpath": {
      "version": "1.3.0",
      "resolved": "https://registry.npm.taobao.org/wicked-good-xpath/download/wicked-good-xpath-1.3.0.tgz",
      "integrity": "sha1-gbDpXoZQ5JyUsiKY//hoa1VTz2w="
    },
    "word-wrap": {
      "version": "1.2.3",
      "resolved": "https://registry.npm.taobao.org/word-wrap/download/word-wrap-1.2.3.tgz",
      "integrity": "sha1-YQY29rH3A4kb00dxzLF/uTtHB5w="
    },
    "ws": {
      "version": "7.4.4",
      "resolved": "https://registry.npm.taobao.org/ws/download/ws-7.4.4.tgz?cache=0&sync_timestamp=1615063746103&other_urls=https%3A%2F%2Fregistry.npm.taobao.org%2Fws%2Fdownload%2Fws-7.4.4.tgz",
      "integrity": "sha1-ODvJdCyyAikskHfOq29gR7F/LVk="
    },
    "xml-name-validator": {
      "version": "3.0.0",
      "resolved": "https://registry.npm.taobao.org/xml-name-validator/download/xml-name-validator-3.0.0.tgz",
      "integrity": "sha1-auc+Bt5NjG5H+fsYH3jWSK1FfGo="
    },
    "xmlchars": {
      "version": "2.2.0",
      "resolved": "https://registry.npm.taobao.org/xmlchars/download/xmlchars-2.2.0.tgz",
      "integrity": "sha1-Bg/hvLf5x2/ioX24apvDq4lCEMs="
    },
    "xmldom-sre": {
      "version": "0.1.31",
      "resolved": "https://registry.npm.taobao.org/xmldom-sre/download/xmldom-sre-0.1.31.tgz",
      "integrity": "sha1-EIYNW6ssYDFEWX0EvyxJgOmAZ/Q="
    }
  }
}
